
Microsoft Visual Studio Solution File, Format Version 12.00
# Visual Studio Version 16
VisualStudioVersion = 16.0.32802.440
MinimumVisualStudioVersion = 10.0.40219.1
Project("{FAE04EC0-301F-11D3-BF4B-00C04F79EFBC}") = "epi21-test", "epi21-test.csproj", "{3E79DEA0-D339-4D52-853A-97D52572BB6F}"
EndProject
Global
	GlobalSection(SolutionConfigurationPlatforms) = preSolution
		Debug|Any CPU = Debug|Any CPU
		Release|Any CPU = Release|Any CPU
	EndGlobalSection
	GlobalSection(ProjectConfigurationPlatforms) = postSolution
		{3E79DEA0-D339-4D52-853A-97D52572BB6F}.Debug|Any CPU.ActiveCfg = Debug|Any CPU
		{3E79DEA0-D339-4D52-853A-97D52572BB6F}.Debug|Any CPU.Build.0 = Debug|Any CPU
		{3E79DEA0-D339-4D52-853A-97D52572BB6F}.Release|Any CPU.ActiveCfg = Release|Any CPU
		{3E79DEA0-D339-4D52-853A-97D52572BB6F}.Release|Any CPU.Build.0 = Release|Any CPU
	EndGlobalSection
	GlobalSection(SolutionProperties) = preSolution
		HideSolutionNode = FALSE
	EndGlobalSection
	GlobalSection(ExtensibilityGlobals) = postSolution
		SolutionGuid = {57C26B11-5E1F-4EFC-B317-9A359ED588C9}
	EndGlobalSection
EndGlobal
